# THIS IS AN AUTOGENERATED FILE. DO NOT EDIT THIS FILE DIRECTLY.
# yarn lockfile v1


"@biomejs/biome@^2.3.8":
  version "2.3.8"
  resolved "https://registry.yarnpkg.com/@biomejs/biome/-/biome-2.3.8.tgz#03f66a19ba7b287bc12ce493f69382f24f3076fa"
  integrity sha512-Qjsgoe6FEBxWAUzwFGFrB+1+M8y/y5kwmg5CHac+GSVOdmOIqsAiXM5QMVGZJ1eCUCLlPZtq4aFAQ0eawEUuUA==
  optionalDependencies:
    "@biomejs/cli-darwin-arm64" "2.3.8"
    "@biomejs/cli-darwin-x64" "2.3.8"
    "@biomejs/cli-linux-arm64" "2.3.8"
    "@biomejs/cli-linux-arm64-musl" "2.3.8"
    "@biomejs/cli-linux-x64" "2.3.8"
    "@biomejs/cli-linux-x64-musl" "2.3.8"
    "@biomejs/cli-win32-arm64" "2.3.8"
    "@biomejs/cli-win32-x64" "2.3.8"

"@biomejs/cli-darwin-arm64@2.3.8":
  version "2.3.8"
  resolved "https://registry.yarnpkg.com/@biomejs/cli-darwin-arm64/-/cli-darwin-arm64-2.3.8.tgz#58443b6d910a6175be0bd77062774e893de6263c"
  integrity sha512-HM4Zg9CGQ3txTPflxD19n8MFPrmUAjaC7PQdLkugeeC0cQ+PiVrd7i09gaBS/11QKsTDBJhVg85CEIK9f50Qww==

"@biomejs/cli-darwin-x64@2.3.8":
  version "2.3.8"
  resolved "https://registry.yarnpkg.com/@biomejs/cli-darwin-x64/-/cli-darwin-x64-2.3.8.tgz#5765d66ac9e92d80469ab5c24344ab6d3410ff75"
  integrity sha512-lUDQ03D7y/qEao7RgdjWVGCu+BLYadhKTm40HkpJIi6kn8LSv5PAwRlew/DmwP4YZ9ke9XXoTIQDO1vAnbRZlA==

"@biomejs/cli-linux-arm64-musl@2.3.8":
  version "2.3.8"
  resolved "https://registry.yarnpkg.com/@biomejs/cli-linux-arm64-musl/-/cli-linux-arm64-musl-2.3.8.tgz#63ff811a3acc74c885e989a4e6e8f54399425e3a"
  integrity sha512-PShR4mM0sjksUMyxbyPNMxoKFPVF48fU8Qe8Sfx6w6F42verbwRLbz+QiKNiDPRJwUoMG1nPM50OBL3aOnTevA==

"@biomejs/cli-linux-arm64@2.3.8":
  version "2.3.8"
  resolved "https://registry.yarnpkg.com/@biomejs/cli-linux-arm64/-/cli-linux-arm64-2.3.8.tgz#c6275cf8bc8592ef4ea840f5b1938606d3f3a721"
  integrity sha512-Uo1OJnIkJgSgF+USx970fsM/drtPcQ39I+JO+Fjsaa9ZdCN1oysQmy6oAGbyESlouz+rzEckLTF6DS7cWse95g==

"@biomejs/cli-linux-x64-musl@2.3.8":
  version "2.3.8"
  resolved "https://registry.yarnpkg.com/@biomejs/cli-linux-x64-musl/-/cli-linux-x64-musl-2.3.8.tgz#95da386940356ef21d71d724587213915a6e7fef"
  integrity sha512-YGLkqU91r1276uwSjiUD/xaVikdxgV1QpsicT0bIA1TaieM6E5ibMZeSyjQ/izBn4tKQthUSsVZacmoJfa3pDA==

"@biomejs/cli-linux-x64@2.3.8":
  version "2.3.8"
  resolved "https://registry.yarnpkg.com/@biomejs/cli-linux-x64/-/cli-linux-x64-2.3.8.tgz#65fddc3feb27a6817763306b73506308cbdb1dcc"
  integrity sha512-QDPMD5bQz6qOVb3kiBui0zKZXASLo0NIQ9JVJio5RveBEFgDgsvJFUvZIbMbUZT3T00M/1wdzwWXk4GIh0KaAw==

"@biomejs/cli-win32-arm64@2.3.8":
  version "2.3.8"
  resolved "https://registry.yarnpkg.com/@biomejs/cli-win32-arm64/-/cli-win32-arm64-2.3.8.tgz#86385f8ff7abec220af11a7ddf9e57c39e317277"
  integrity sha512-H4IoCHvL1fXKDrTALeTKMiE7GGWFAraDwBYFquE/L/5r1927Te0mYIGseXi4F+lrrwhSWbSGt5qPFswNoBaCxg==

"@biomejs/cli-win32-x64@2.3.8":
  version "2.3.8"
  resolved "https://registry.yarnpkg.com/@biomejs/cli-win32-x64/-/cli-win32-x64-2.3.8.tgz#dca59fbf4c6f871f22f567ade203e996c7867206"
  integrity sha512-RguzimPoZWtBapfKhKjcWXBVI91tiSprqdBYu7tWhgN8pKRZhw24rFeNZTNf6UiBfjCYCi9eFQs/JzJZIhuK4w==

"@types/node@^22.10.1":
  version "22.10.1"
  resolved "https://registry.yarnpkg.com/@types/node/-/node-22.10.1.tgz#41ffeee127b8975a05f8c4f83fb89bcb2987d766"
  integrity sha512-qKgsUwfHZV2WCWLAnVP1JqnpE6Im6h3Y0+fYgMTasNQ7V++CBX5OT1as0g0f+OyubbFqhf6XVNIsmN4IIhEgGQ==
  dependencies:
    undici-types "~6.20.0"

typescript@^5.9.3:
  version "5.9.3"
  resolved "https://registry.yarnpkg.com/typescript/-/typescript-5.9.3.tgz#5b4f59e15310ab17a216f5d6cf53ee476ede670f"
  integrity sha512-jl1vZzPDinLr9eUt3J/t7V6FgNEw9QjvBPdysz9KfQDD41fQrC2Y4vKQdiaUpFT4bXlb1RHhLpp8wtm6M5TgSw==

undici-types@~6.20.0:
  version "6.20.0"
  resolved "https://registry.yarnpkg.com/undici-types/-/undici-types-6.20.0.tgz#8171bf22c1f588d1554d55bf204bc624af388433"
  integrity sha512-Ny6QZ2Nju20vw1SRHe3d9jVu6gJ+4e3+MMpqu7pqE5HT6WsTSlce++GQmK5UXS8mzV8DSYHrQH+Xrf2jVcuKNg==
